
Microsoft Visual Studio Solution File, Format Version 12.00
# Visual Studio Version 16
VisualStudioVersion = 16.0.28621.142
MinimumVisualStudioVersion = 10.0.40219.1
Project("{FAE04EC0-301F-11D3-BF4B-00C04F79EFBC}") = "YAF.TranslateApp", "YAF.TranslateApp.csproj", "{3F875B00-0DD9-408C-B538-308FC3816A3C}"
EndProject
Global
	GlobalSection(SolutionConfigurationPlatforms) = preSolution
		Debug|x86 = Debug|x86
		Release|x86 = Release|x86
	EndGlobalSection
	GlobalSection(ProjectConfigurationPlatforms) = postSolution
		{3F875B00-0DD9-408C-B538-308FC3816A3C}.Debug|x86.ActiveCfg = Debug|x86
		{3F875B00-0DD9-408C-B538-308FC3816A3C}.Debug|x86.Build.0 = Debug|x86
		{3F875B00-0DD9-408C-B538-308FC3816A3C}.Release|x86.ActiveCfg = Release|x86
		{3F875B00-0DD9-408C-B538-308FC3816A3C}.Release|x86.Build.0 = Release|x86
	EndGlobalSection
	GlobalSection(SolutionProperties) = preSolution
		HideSolutionNode = FALSE
	EndGlobalSection
	GlobalSection(ExtensibilityGlobals) = postSolution
		SolutionGuid = {33D47FBF-7963-4AEA-AD82-2802A449FA2A}
	EndGlobalSection
EndGlobal
